
Microsoft Visual Studio Solution File, Format Version 12.00
# Visual Studio Version 16
VisualStudioVersion = 16.0.31613.86
MinimumVisualStudioVersion = 10.0.40219.1
Project("{2150E333-8FDC-42A3-9474-1A3956D46DE8}") = "Services", "Services", "{03D3CBEF-23F5-4456-ADBA-E23ADFC9B888}"
EndProject
Project("{2150E333-8FDC-42A3-9474-1A3956D46DE8}") = "Catalog", "Catalog", "{39AF9DC3-C5EF-401B-BCC1-286B88822EB7}"
EndProject
Project("{9A19103F-16F7-4668-BE54-9A1E7A4F7556}") = "Catalog.API", "Services\Catalog\Catalog.API\Catalog.API.csproj", "{00293999-7D63-464D-9BCD-CF953FF1536B}"
EndProject
Project("{9A19103F-16F7-4668-BE54-9A1E7A4F7556}") = "Catalog.Domain", "Services\Catalog\Catalog.Domain\Catalog.Domain.csproj", "{1ED908A0-7C67-4A72-99F2-D51CBD950847}"
EndProject
Project("{9A19103F-16F7-4668-BE54-9A1E7A4F7556}") = "Catalog.Application", "Services\Catalog\Catalog.Application\Catalog.Application.csproj", "{0F5C10E0-7A9E-4F25-92E7-A050FD275285}"
EndProject
Project("{9A19103F-16F7-4668-BE54-9A1E7A4F7556}") = "Catalog.Infrastructure", "Services\Catalog\Catalog.Infrastructure\Catalog.Infrastructure.csproj", "{554F30CA-9A4D-4668-8E83-B44B85DBCBD4}"
EndProject
Project("{2150E333-8FDC-42A3-9474-1A3956D46DE8}") = "BuildingBlocks", "BuildingBlocks", "{2EE43351-3A76-4C95-84AF-0A2A0892A6E8}"
EndProject
Project("{2150E333-8FDC-42A3-9474-1A3956D46DE8}") = "tests", "tests", "{A781F3EC-E432-4115-8FAE-49A2347171B5}"
EndProject
Project("{2150E333-8FDC-42A3-9474-1A3956D46DE8}") = "Catalog", "Catalog", "{8545F94A-7012-4E48-AC58-C6E35B4F05DD}"
EndProject
Project("{9A19103F-16F7-4668-BE54-9A1E7A4F7556}") = "Catalog.UnitTests", "..\tests\Catalog\Catalog.UnitTests\Catalog.UnitTests.csproj", "{11A8C0F4-8AFC-4B7A-89D3-4F15966DBB69}"
EndProject
Project("{2150E333-8FDC-42A3-9474-1A3956D46DE8}") = "EventBus", "EventBus", "{D13BA110-7D75-4CE3-B9ED-473AC5853142}"
EndProject
Project("{9A19103F-16F7-4668-BE54-9A1E7A4F7556}") = "EventBus.Base", "BuildingBlocks\EventBus\EventBus.Base\EventBus.Base.csproj", "{82E8D1F4-25C3-4594-9AF8-3E2209D65DC5}"
EndProject
Project("{9A19103F-16F7-4668-BE54-9A1E7A4F7556}") = "EventBus.Factory", "BuildingBlocks\EventBus\EventBus.Factory\EventBus.Factory.csproj", "{A1FE5509-ED1F-4EA1-B593-AA0166CEFD61}"
EndProject
Project("{9A19103F-16F7-4668-BE54-9A1E7A4F7556}") = "EventBus.RabbitMQ", "BuildingBlocks\EventBus\EventBus.RabbitMQ\EventBus.RabbitMQ.csproj", "{A1281A6F-9600-4981-BD82-8832D7AA5C8E}"
EndProject
Project("{2150E333-8FDC-42A3-9474-1A3956D46DE8}") = "BuildingBlocks", "BuildingBlocks", "{8C23BCAA-09AF-48BB-8F6E-DBFADA931DD5}"
EndProject
Project("{9A19103F-16F7-4668-BE54-9A1E7A4F7556}") = "EventBus.UnitTests", "..\tests\BuildingBlocks\EventBus.UnitTests\EventBus.UnitTests.csproj", "{AE59CA13-4E7C-4AAF-9705-1E84FD27781A}"
EndProject
Project("{2150E333-8FDC-42A3-9474-1A3956D46DE8}") = "Media", "Media", "{F4691278-48DA-420E-B1D8-4D6B7F0D061B}"
EndProject
Project("{9A19103F-16F7-4668-BE54-9A1E7A4F7556}") = "Media.Grpc", "Services\Media\Media.Grpc\Media.Grpc.csproj", "{3B0C0F38-0F63-4192-B47C-39B8F83651F9}"
EndProject
Project("{2150E333-8FDC-42A3-9474-1A3956D46DE8}") = "Identity", "Identity", "{FD6DB81A-7E50-4AC3-8D1A-DF4F8BFFACAF}"
EndProject
Project("{9A19103F-16F7-4668-BE54-9A1E7A4F7556}") = "Identity.Domain", "Services\Identity\Identity.Domain\Identity.Domain.csproj", "{8A343FD4-3437-4C20-8EC6-D7B9056C3003}"
EndProject
Project("{9A19103F-16F7-4668-BE54-9A1E7A4F7556}") = "Identity.Application", "Services\Identity\Identity.Application\Identity.Application.csproj", "{A794BEC4-82FC-49F0-9597-8F93CC7CDF42}"
EndProject
Project("{9A19103F-16F7-4668-BE54-9A1E7A4F7556}") = "Identity.Infrastructure", "Services\Identity\Identity.Infrastructure\Identity.Infrastructure.csproj", "{A293EA47-6221-4F8D-9410-A737FE51F549}"
EndProject
Project("{9A19103F-16F7-4668-BE54-9A1E7A4F7556}") = "Identity.API", "Services\Identity\Identity.API\Identity.API.csproj", "{791A7B07-89E8-409C-8FC2-8D4783B9EA29}"
EndProject
Project("{9A19103F-16F7-4668-BE54-9A1E7A4F7556}") = "Identity.Grpc", "Services\Identity\Identity.Grpc\Identity.Grpc.csproj", "{51AEA0F0-EE03-4D50-841C-0BC4EDEBBDA8}"
EndProject
Project("{E53339B2-1760-4266-BCC7-CA923CBCF16C}") = "docker-compose", "docker-compose.dcproj", "{8DEA6F95-DF18-4056-AE44-CFBE57B27CD8}"
EndProject
Project("{2150E333-8FDC-42A3-9474-1A3956D46DE8}") = "Mail", "Mail", "{E619A320-26F8-4C02-B483-8A303615C2BB}"
EndProject
Project("{FAE04EC0-301F-11D3-BF4B-00C04F79EFBC}") = "Mail.Grpc", "Services\Mail\Mail.Grpc\Mail.Grpc.csproj", "{1F46DF5F-7620-4E9C-B6D5-947FD322016A}"
EndProject
Project("{2150E333-8FDC-42A3-9474-1A3956D46DE8}") = "Basket", "Basket", "{3FF996C6-2638-4784-AEC3-50FA1E8ECE5D}"
EndProject
Project("{FAE04EC0-301F-11D3-BF4B-00C04F79EFBC}") = "Basket.API", "Services\Basket\Basket.API\Basket.API.csproj", "{707857B9-6D00-476C-ACFB-60A995A85D63}"
EndProject
Project("{2150E333-8FDC-42A3-9474-1A3956D46DE8}") = "Order", "Order", "{7193B0EC-BC2D-4F87-93FE-12379E6DD717}"
EndProject
Project("{FAE04EC0-301F-11D3-BF4B-00C04F79EFBC}") = "Order.Application", "Services\Order\Order.Application\Order.Application.csproj", "{0E25199E-1ECF-4D26-A89C-F048599B8C29}"
EndProject
Project("{FAE04EC0-301F-11D3-BF4B-00C04F79EFBC}") = "Order.API", "Services\Order\Order.API\Order.API.csproj", "{B0884490-2F53-4055-BF9D-2E298D860437}"
EndProject
Project("{FAE04EC0-301F-11D3-BF4B-00C04F79EFBC}") = "Order.Domain", "Services\Order\Order.Domain\Order.Domain.csproj", "{724C6FCC-DA12-4EED-BBC4-225B5B64069C}"
EndProject
Project("{FAE04EC0-301F-11D3-BF4B-00C04F79EFBC}") = "Order.Infrastructure", "Services\Order\Order.Infrastructure\Order.Infrastructure.csproj", "{7A53B09A-B986-421A-8860-63DCAFF3AFC6}"
EndProject
Global
	GlobalSection(SolutionConfigurationPlatforms) = preSolution
		Debug|Any CPU = Debug|Any CPU
		Release|Any CPU = Release|Any CPU
	EndGlobalSection
	GlobalSection(ProjectConfigurationPlatforms) = postSolution
		{00293999-7D63-464D-9BCD-CF953FF1536B}.Debug|Any CPU.ActiveCfg = Debug|Any CPU
		{00293999-7D63-464D-9BCD-CF953FF1536B}.Debug|Any CPU.Build.0 = Debug|Any CPU
		{00293999-7D63-464D-9BCD-CF953FF1536B}.Release|Any CPU.ActiveCfg = Release|Any CPU
		{00293999-7D63-464D-9BCD-CF953FF1536B}.Release|Any CPU.Build.0 = Release|Any CPU
		{1ED908A0-7C67-4A72-99F2-D51CBD950847}.Debug|Any CPU.ActiveCfg = Debug|Any CPU
		{1ED908A0-7C67-4A72-99F2-D51CBD950847}.Debug|Any CPU.Build.0 = Debug|Any CPU
		{1ED908A0-7C67-4A72-99F2-D51CBD950847}.Release|Any CPU.ActiveCfg = Release|Any CPU
		{1ED908A0-7C67-4A72-99F2-D51CBD950847}.Release|Any CPU.Build.0 = Release|Any CPU
		{0F5C10E0-7A9E-4F25-92E7-A050FD275285}.Debug|Any CPU.ActiveCfg = Debug|Any CPU
		{0F5C10E0-7A9E-4F25-92E7-A050FD275285}.Debug|Any CPU.Build.0 = Debug|Any CPU
		{0F5C10E0-7A9E-4F25-92E7-A050FD275285}.Release|Any CPU.ActiveCfg = Release|Any CPU
		{0F5C10E0-7A9E-4F25-92E7-A050FD275285}.Release|Any CPU.Build.0 = Release|Any CPU
		{554F30CA-9A4D-4668-8E83-B44B85DBCBD4}.Debug|Any CPU.ActiveCfg = Debug|Any CPU
		{554F30CA-9A4D-4668-8E83-B44B85DBCBD4}.Debug|Any CPU.Build.0 = Debug|Any CPU
		{554F30CA-9A4D-4668-8E83-B44B85DBCBD4}.Release|Any CPU.ActiveCfg = Release|Any CPU
		{554F30CA-9A4D-4668-8E83-B44B85DBCBD4}.Release|Any CPU.Build.0 = Release|Any CPU
		{11A8C0F4-8AFC-4B7A-89D3-4F15966DBB69}.Debug|Any CPU.ActiveCfg = Debug|Any CPU
		{11A8C0F4-8AFC-4B7A-89D3-4F15966DBB69}.Debug|Any CPU.Build.0 = Debug|Any CPU
		{11A8C0F4-8AFC-4B7A-89D3-4F15966DBB69}.Release|Any CPU.ActiveCfg = Release|Any CPU
		{11A8C0F4-8AFC-4B7A-89D3-4F15966DBB69}.Release|Any CPU.Build.0 = Release|Any CPU
		{82E8D1F4-25C3-4594-9AF8-3E2209D65DC5}.Debug|Any CPU.ActiveCfg = Debug|Any CPU
		{82E8D1F4-25C3-4594-9AF8-3E2209D65DC5}.Debug|Any CPU.Build.0 = Debug|Any CPU
		{82E8D1F4-25C3-4594-9AF8-3E2209D65DC5}.Release|Any CPU.ActiveCfg = Release|Any CPU
		{82E8D1F4-25C3-4594-9AF8-3E2209D65DC5}.Release|Any CPU.Build.0 = Release|Any CPU
		{A1FE5509-ED1F-4EA1-B593-AA0166CEFD61}.Debug|Any CPU.ActiveCfg = Debug|Any CPU
		{A1FE5509-ED1F-4EA1-B593-AA0166CEFD61}.Debug|Any CPU.Build.0 = Debug|Any CPU
		{A1FE5509-ED1F-4EA1-B593-AA0166CEFD61}.Release|Any CPU.ActiveCfg = Release|Any CPU
		{A1FE5509-ED1F-4EA1-B593-AA0166CEFD61}.Release|Any CPU.Build.0 = Release|Any CPU
		{A1281A6F-9600-4981-BD82-8832D7AA5C8E}.Debug|Any CPU.ActiveCfg = Debug|Any CPU
		{A1281A6F-9600-4981-BD82-8832D7AA5C8E}.Debug|Any CPU.Build.0 = Debug|Any CPU
		{A1281A6F-9600-4981-BD82-8832D7AA5C8E}.Release|Any CPU.ActiveCfg = Release|Any CPU
		{A1281A6F-9600-4981-BD82-8832D7AA5C8E}.Release|Any CPU.Build.0 = Release|Any CPU
		{AE59CA13-4E7C-4AAF-9705-1E84FD27781A}.Debug|Any CPU.ActiveCfg = Debug|Any CPU
		{AE59CA13-4E7C-4AAF-9705-1E84FD27781A}.Debug|Any CPU.Build.0 = Debug|Any CPU
		{AE59CA13-4E7C-4AAF-9705-1E84FD27781A}.Release|Any CPU.ActiveCfg = Release|Any CPU
		{AE59CA13-4E7C-4AAF-9705-1E84FD27781A}.Release|Any CPU.Build.0 = Release|Any CPU
		{3B0C0F38-0F63-4192-B47C-39B8F83651F9}.Debug|Any CPU.ActiveCfg = Debug|Any CPU
		{3B0C0F38-0F63-4192-B47C-39B8F83651F9}.Debug|Any CPU.Build.0 = Debug|Any CPU
		{3B0C0F38-0F63-4192-B47C-39B8F83651F9}.Release|Any CPU.ActiveCfg = Release|Any CPU
		{3B0C0F38-0F63-4192-B47C-39B8F83651F9}.Release|Any CPU.Build.0 = Release|Any CPU
		{8A343FD4-3437-4C20-8EC6-D7B9056C3003}.Debug|Any CPU.ActiveCfg = Debug|Any CPU
		{8A343FD4-3437-4C20-8EC6-D7B9056C3003}.Debug|Any CPU.Build.0 = Debug|Any CPU
		{8A343FD4-3437-4C20-8EC6-D7B9056C3003}.Release|Any CPU.ActiveCfg = Release|Any CPU
		{8A343FD4-3437-4C20-8EC6-D7B9056C3003}.Release|Any CPU.Build.0 = Release|Any CPU
		{A794BEC4-82FC-49F0-9597-8F93CC7CDF42}.Debug|Any CPU.ActiveCfg = Debug|Any CPU
		{A794BEC4-82FC-49F0-9597-8F93CC7CDF42}.Debug|Any CPU.Build.0 = Debug|Any CPU
		{A794BEC4-82FC-49F0-9597-8F93CC7CDF42}.Release|Any CPU.ActiveCfg = Release|Any CPU
		{A794BEC4-82FC-49F0-9597-8F93CC7CDF42}.Release|Any CPU.Build.0 = Release|Any CPU
		{A293EA47-6221-4F8D-9410-A737FE51F549}.Debug|Any CPU.ActiveCfg = Debug|Any CPU
		{A293EA47-6221-4F8D-9410-A737FE51F549}.Debug|Any CPU.Build.0 = Debug|Any CPU
		{A293EA47-6221-4F8D-9410-A737FE51F549}.Release|Any CPU.ActiveCfg = Release|Any CPU
		{A293EA47-6221-4F8D-9410-A737FE51F549}.Release|Any CPU.Build.0 = Release|Any CPU
		{791A7B07-89E8-409C-8FC2-8D4783B9EA29}.Debug|Any CPU.ActiveCfg = Debug|Any CPU
		{791A7B07-89E8-409C-8FC2-8D4783B9EA29}.Debug|Any CPU.Build.0 = Debug|Any CPU
		{791A7B07-89E8-409C-8FC2-8D4783B9EA29}.Release|Any CPU.ActiveCfg = Release|Any CPU
		{791A7B07-89E8-409C-8FC2-8D4783B9EA29}.Release|Any CPU.Build.0 = Release|Any CPU
		{51AEA0F0-EE03-4D50-841C-0BC4EDEBBDA8}.Debug|Any CPU.ActiveCfg = Debug|Any CPU
		{51AEA0F0-EE03-4D50-841C-0BC4EDEBBDA8}.Debug|Any CPU.Build.0 = Debug|Any CPU
		{51AEA0F0-EE03-4D50-841C-0BC4EDEBBDA8}.Release|Any CPU.ActiveCfg = Release|Any CPU
		{51AEA0F0-EE03-4D50-841C-0BC4EDEBBDA8}.Release|Any CPU.Build.0 = Release|Any CPU
		{8DEA6F95-DF18-4056-AE44-CFBE57B27CD8}.Debug|Any CPU.ActiveCfg = Debug|Any CPU
		{8DEA6F95-DF18-4056-AE44-CFBE57B27CD8}.Debug|Any CPU.Build.0 = Debug|Any CPU
		{8DEA6F95-DF18-4056-AE44-CFBE57B27CD8}.Release|Any CPU.ActiveCfg = Release|Any CPU
		{8DEA6F95-DF18-4056-AE44-CFBE57B27CD8}.Release|Any CPU.Build.0 = Release|Any CPU
		{1F46DF5F-7620-4E9C-B6D5-947FD322016A}.Debug|Any CPU.ActiveCfg = Debug|Any CPU
		{1F46DF5F-7620-4E9C-B6D5-947FD322016A}.Debug|Any CPU.Build.0 = Debug|Any CPU
		{1F46DF5F-7620-4E9C-B6D5-947FD322016A}.Release|Any CPU.ActiveCfg = Release|Any CPU
		{1F46DF5F-7620-4E9C-B6D5-947FD322016A}.Release|Any CPU.Build.0 = Release|Any CPU
		{707857B9-6D00-476C-ACFB-60A995A85D63}.Debug|Any CPU.ActiveCfg = Debug|Any CPU
		{707857B9-6D00-476C-ACFB-60A995A85D63}.Debug|Any CPU.Build.0 = Debug|Any CPU
		{707857B9-6D00-476C-ACFB-60A995A85D63}.Release|Any CPU.ActiveCfg = Release|Any CPU
		{707857B9-6D00-476C-ACFB-60A995A85D63}.Release|Any CPU.Build.0 = Release|Any CPU
		{0E25199E-1ECF-4D26-A89C-F048599B8C29}.Debug|Any CPU.ActiveCfg = Debug|Any CPU
		{0E25199E-1ECF-4D26-A89C-F048599B8C29}.Debug|Any CPU.Build.0 = Debug|Any CPU
		{0E25199E-1ECF-4D26-A89C-F048599B8C29}.Release|Any CPU.ActiveCfg = Release|Any CPU
		{0E25199E-1ECF-4D26-A89C-F048599B8C29}.Release|Any CPU.Build.0 = Release|Any CPU
		{B0884490-2F53-4055-BF9D-2E298D860437}.Debug|Any CPU.ActiveCfg = Debug|Any CPU
		{B0884490-2F53-4055-BF9D-2E298D860437}.Debug|Any CPU.Build.0 = Debug|Any CPU
		{B0884490-2F53-4055-BF9D-2E298D860437}.Release|Any CPU.ActiveCfg = Release|Any CPU
		{B0884490-2F53-4055-BF9D-2E298D860437}.Release|Any CPU.Build.0 = Release|Any CPU
		{724C6FCC-DA12-4EED-BBC4-225B5B64069C}.Debug|Any CPU.ActiveCfg = Debug|Any CPU
		{724C6FCC-DA12-4EED-BBC4-225B5B64069C}.Debug|Any CPU.Build.0 = Debug|Any CPU
		{724C6FCC-DA12-4EED-BBC4-225B5B64069C}.Release|Any CPU.ActiveCfg = Release|Any CPU
		{724C6FCC-DA12-4EED-BBC4-225B5B64069C}.Release|Any CPU.Build.0 = Release|Any CPU
		{7A53B09A-B986-421A-8860-63DCAFF3AFC6}.Debug|Any CPU.ActiveCfg = Debug|Any CPU
		{7A53B09A-B986-421A-8860-63DCAFF3AFC6}.Debug|Any CPU.Build.0 = Debug|Any CPU
		{7A53B09A-B986-421A-8860-63DCAFF3AFC6}.Release|Any CPU.ActiveCfg = Release|Any CPU
		{7A53B09A-B986-421A-8860-63DCAFF3AFC6}.Release|Any CPU.Build.0 = Release|Any CPU
	EndGlobalSection
	GlobalSection(SolutionProperties) = preSolution
		HideSolutionNode = FALSE
	EndGlobalSection
	GlobalSection(NestedProjects) = preSolution
		{39AF9DC3-C5EF-401B-BCC1-286B88822EB7} = {03D3CBEF-23F5-4456-ADBA-E23ADFC9B888}
		{00293999-7D63-464D-9BCD-CF953FF1536B} = {39AF9DC3-C5EF-401B-BCC1-286B88822EB7}
		{1ED908A0-7C67-4A72-99F2-D51CBD950847} = {39AF9DC3-C5EF-401B-BCC1-286B88822EB7}
		{0F5C10E0-7A9E-4F25-92E7-A050FD275285} = {39AF9DC3-C5EF-401B-BCC1-286B88822EB7}
		{554F30CA-9A4D-4668-8E83-B44B85DBCBD4} = {39AF9DC3-C5EF-401B-BCC1-286B88822EB7}
		{8545F94A-7012-4E48-AC58-C6E35B4F05DD} = {A781F3EC-E432-4115-8FAE-49A2347171B5}
		{11A8C0F4-8AFC-4B7A-89D3-4F15966DBB69} = {8545F94A-7012-4E48-AC58-C6E35B4F05DD}
		{D13BA110-7D75-4CE3-B9ED-473AC5853142} = {2EE43351-3A76-4C95-84AF-0A2A0892A6E8}
		{82E8D1F4-25C3-4594-9AF8-3E2209D65DC5} = {D13BA110-7D75-4CE3-B9ED-473AC5853142}
		{A1FE5509-ED1F-4EA1-B593-AA0166CEFD61} = {D13BA110-7D75-4CE3-B9ED-473AC5853142}
		{A1281A6F-9600-4981-BD82-8832D7AA5C8E} = {D13BA110-7D75-4CE3-B9ED-473AC5853142}
		{8C23BCAA-09AF-48BB-8F6E-DBFADA931DD5} = {A781F3EC-E432-4115-8FAE-49A2347171B5}
		{AE59CA13-4E7C-4AAF-9705-1E84FD27781A} = {8C23BCAA-09AF-48BB-8F6E-DBFADA931DD5}
		{F4691278-48DA-420E-B1D8-4D6B7F0D061B} = {03D3CBEF-23F5-4456-ADBA-E23ADFC9B888}
		{3B0C0F38-0F63-4192-B47C-39B8F83651F9} = {F4691278-48DA-420E-B1D8-4D6B7F0D061B}
		{FD6DB81A-7E50-4AC3-8D1A-DF4F8BFFACAF} = {03D3CBEF-23F5-4456-ADBA-E23ADFC9B888}
		{8A343FD4-3437-4C20-8EC6-D7B9056C3003} = {FD6DB81A-7E50-4AC3-8D1A-DF4F8BFFACAF}
		{A794BEC4-82FC-49F0-9597-8F93CC7CDF42} = {FD6DB81A-7E50-4AC3-8D1A-DF4F8BFFACAF}
		{A293EA47-6221-4F8D-9410-A737FE51F549} = {FD6DB81A-7E50-4AC3-8D1A-DF4F8BFFACAF}
		{791A7B07-89E8-409C-8FC2-8D4783B9EA29} = {FD6DB81A-7E50-4AC3-8D1A-DF4F8BFFACAF}
		{51AEA0F0-EE03-4D50-841C-0BC4EDEBBDA8} = {FD6DB81A-7E50-4AC3-8D1A-DF4F8BFFACAF}
		{E619A320-26F8-4C02-B483-8A303615C2BB} = {03D3CBEF-23F5-4456-ADBA-E23ADFC9B888}
		{1F46DF5F-7620-4E9C-B6D5-947FD322016A} = {E619A320-26F8-4C02-B483-8A303615C2BB}
		{3FF996C6-2638-4784-AEC3-50FA1E8ECE5D} = {03D3CBEF-23F5-4456-ADBA-E23ADFC9B888}
		{707857B9-6D00-476C-ACFB-60A995A85D63} = {3FF996C6-2638-4784-AEC3-50FA1E8ECE5D}
		{7193B0EC-BC2D-4F87-93FE-12379E6DD717} = {03D3CBEF-23F5-4456-ADBA-E23ADFC9B888}
		{0E25199E-1ECF-4D26-A89C-F048599B8C29} = {7193B0EC-BC2D-4F87-93FE-12379E6DD717}
		{B0884490-2F53-4055-BF9D-2E298D860437} = {7193B0EC-BC2D-4F87-93FE-12379E6DD717}
		{724C6FCC-DA12-4EED-BBC4-225B5B64069C} = {7193B0EC-BC2D-4F87-93FE-12379E6DD717}
		{7A53B09A-B986-421A-8860-63DCAFF3AFC6} = {7193B0EC-BC2D-4F87-93FE-12379E6DD717}
	EndGlobalSection
	GlobalSection(ExtensibilityGlobals) = postSolution
		SolutionGuid = {E8E428B9-4D62-41BC-B050-144B3333376E}
	EndGlobalSection
EndGlobal
