
Microsoft Visual Studio Solution File, Format Version 12.00
# Visual Studio Version 16
VisualStudioVersion = 16.0.31613.86
MinimumVisualStudioVersion = 10.0.40219.1
Project("{2150E333-8FDC-42A3-9474-1A3956D46DE8}") = "Services", "Services", "{03D3CBEF-23F5-4456-ADBA-E23ADFC9B888}"
EndProject
Project("{2150E333-8FDC-42A3-9474-1A3956D46DE8}") = "Catalog", "Catalog", "{39AF9DC3-C5EF-401B-BCC1-286B88822EB7}"
EndProject
Project("{9A19103F-16F7-4668-BE54-9A1E7A4F7556}") = "Catalog.API", "Services\Catalog\Catalog.API\Catalog.API.csproj", "{00293999-7D63-464D-9BCD-CF953FF1536B}"
EndProject
Project("{9A19103F-16F7-4668-BE54-9A1E7A4F7556}") = "Catalog.Domain", "Services\Catalog\Catalog.Domain\Catalog.Domain.csproj", "{1ED908A0-7C67-4A72-99F2-D51CBD950847}"
EndProject
Project("{9A19103F-16F7-4668-BE54-9A1E7A4F7556}") = "Catalog.Application", "Services\Catalog\Catalog.Application\Catalog.Application.csproj", "{0F5C10E0-7A9E-4F25-92E7-A050FD275285}"
EndProject
Project("{9A19103F-16F7-4668-BE54-9A1E7A4F7556}") = "Catalog.Infrastructure", "Services\Catalog\Catalog.Infrastructure\Catalog.Infrastructure.csproj", "{554F30CA-9A4D-4668-8E83-B44B85DBCBD4}"
EndProject
Project("{2150E333-8FDC-42A3-9474-1A3956D46DE8}") = "BuildingBlocks", "BuildingBlocks", "{2EE43351-3A76-4C95-84AF-0A2A0892A6E8}"
EndProject
Project("{2150E333-8FDC-42A3-9474-1A3956D46DE8}") = "tests", "tests", "{A781F3EC-E432-4115-8FAE-49A2347171B5}"
EndProject
Project("{2150E333-8FDC-42A3-9474-1A3956D46DE8}") = "Catalog", "Catalog", "{8545F94A-7012-4E48-AC58-C6E35B4F05DD}"
EndProject
Project("{9A19103F-16F7-4668-BE54-9A1E7A4F7556}") = "Catalog.UnitTests", "..\tests\Catalog\Catalog.UnitTests\Catalog.UnitTests.csproj", "{11A8C0F4-8AFC-4B7A-89D3-4F15966DBB69}"
EndProject
Project("{2150E333-8FDC-42A3-9474-1A3956D46DE8}") = "EventBus", "EventBus", "{D13BA110-7D75-4CE3-B9ED-473AC5853142}"
EndProject
Project("{E53339B2-1760-4266-BCC7-CA923CBCF16C}") = "docker-compose", "docker-compose.dcproj", "{BC856DD4-53E0-4C28-94FD-0CE529E22B42}"
EndProject
Project("{FAE04EC0-301F-11D3-BF4B-00C04F79EFBC}") = "EventBus.Base", "BuildingBlocks\EventBus\EventBus.Base\EventBus.Base.csproj", "{82E8D1F4-25C3-4594-9AF8-3E2209D65DC5}"
EndProject
Project("{FAE04EC0-301F-11D3-BF4B-00C04F79EFBC}") = "EventBus.Factory", "BuildingBlocks\EventBus\EventBus.Factory\EventBus.Factory.csproj", "{A1FE5509-ED1F-4EA1-B593-AA0166CEFD61}"
EndProject
Project("{FAE04EC0-301F-11D3-BF4B-00C04F79EFBC}") = "EventBus.RabbitMQ", "BuildingBlocks\EventBus\EventBus.RabbitMQ\EventBus.RabbitMQ.csproj", "{A1281A6F-9600-4981-BD82-8832D7AA5C8E}"
EndProject
Project("{2150E333-8FDC-42A3-9474-1A3956D46DE8}") = "BuildingBlocks", "BuildingBlocks", "{8C23BCAA-09AF-48BB-8F6E-DBFADA931DD5}"
EndProject
Project("{FAE04EC0-301F-11D3-BF4B-00C04F79EFBC}") = "EventBus.UnitTests", "..\tests\BuildingBlocks\EventBus.UnitTests\EventBus.UnitTests.csproj", "{AE59CA13-4E7C-4AAF-9705-1E84FD27781A}"
EndProject
Project("{2150E333-8FDC-42A3-9474-1A3956D46DE8}") = "Media", "Media", "{F4691278-48DA-420E-B1D8-4D6B7F0D061B}"
EndProject
Project("{FAE04EC0-301F-11D3-BF4B-00C04F79EFBC}") = "Media.Grpc", "Services\Media\Media.Grpc\Media.Grpc.csproj", "{3B0C0F38-0F63-4192-B47C-39B8F83651F9}"
EndProject
Global
	GlobalSection(SolutionConfigurationPlatforms) = preSolution
		Debug|Any CPU = Debug|Any CPU
		Release|Any CPU = Release|Any CPU
	EndGlobalSection
	GlobalSection(ProjectConfigurationPlatforms) = postSolution
		{00293999-7D63-464D-9BCD-CF953FF1536B}.Debug|Any CPU.ActiveCfg = Debug|Any CPU
		{00293999-7D63-464D-9BCD-CF953FF1536B}.Debug|Any CPU.Build.0 = Debug|Any CPU
		{00293999-7D63-464D-9BCD-CF953FF1536B}.Release|Any CPU.ActiveCfg = Release|Any CPU
		{00293999-7D63-464D-9BCD-CF953FF1536B}.Release|Any CPU.Build.0 = Release|Any CPU
		{1ED908A0-7C67-4A72-99F2-D51CBD950847}.Debug|Any CPU.ActiveCfg = Debug|Any CPU
		{1ED908A0-7C67-4A72-99F2-D51CBD950847}.Debug|Any CPU.Build.0 = Debug|Any CPU
		{1ED908A0-7C67-4A72-99F2-D51CBD950847}.Release|Any CPU.ActiveCfg = Release|Any CPU
		{1ED908A0-7C67-4A72-99F2-D51CBD950847}.Release|Any CPU.Build.0 = Release|Any CPU
		{0F5C10E0-7A9E-4F25-92E7-A050FD275285}.Debug|Any CPU.ActiveCfg = Debug|Any CPU
		{0F5C10E0-7A9E-4F25-92E7-A050FD275285}.Debug|Any CPU.Build.0 = Debug|Any CPU
		{0F5C10E0-7A9E-4F25-92E7-A050FD275285}.Release|Any CPU.ActiveCfg = Release|Any CPU
		{0F5C10E0-7A9E-4F25-92E7-A050FD275285}.Release|Any CPU.Build.0 = Release|Any CPU
		{554F30CA-9A4D-4668-8E83-B44B85DBCBD4}.Debug|Any CPU.ActiveCfg = Debug|Any CPU
		{554F30CA-9A4D-4668-8E83-B44B85DBCBD4}.Debug|Any CPU.Build.0 = Debug|Any CPU
		{554F30CA-9A4D-4668-8E83-B44B85DBCBD4}.Release|Any CPU.ActiveCfg = Release|Any CPU
		{554F30CA-9A4D-4668-8E83-B44B85DBCBD4}.Release|Any CPU.Build.0 = Release|Any CPU
		{11A8C0F4-8AFC-4B7A-89D3-4F15966DBB69}.Debug|Any CPU.ActiveCfg = Debug|Any CPU
		{11A8C0F4-8AFC-4B7A-89D3-4F15966DBB69}.Debug|Any CPU.Build.0 = Debug|Any CPU
		{11A8C0F4-8AFC-4B7A-89D3-4F15966DBB69}.Release|Any CPU.ActiveCfg = Release|Any CPU
		{11A8C0F4-8AFC-4B7A-89D3-4F15966DBB69}.Release|Any CPU.Build.0 = Release|Any CPU
		{BC856DD4-53E0-4C28-94FD-0CE529E22B42}.Debug|Any CPU.ActiveCfg = Debug|Any CPU
		{BC856DD4-53E0-4C28-94FD-0CE529E22B42}.Debug|Any CPU.Build.0 = Debug|Any CPU
		{BC856DD4-53E0-4C28-94FD-0CE529E22B42}.Release|Any CPU.ActiveCfg = Release|Any CPU
		{BC856DD4-53E0-4C28-94FD-0CE529E22B42}.Release|Any CPU.Build.0 = Release|Any CPU
		{82E8D1F4-25C3-4594-9AF8-3E2209D65DC5}.Debug|Any CPU.ActiveCfg = Debug|Any CPU
		{82E8D1F4-25C3-4594-9AF8-3E2209D65DC5}.Debug|Any CPU.Build.0 = Debug|Any CPU
		{82E8D1F4-25C3-4594-9AF8-3E2209D65DC5}.Release|Any CPU.ActiveCfg = Release|Any CPU
		{82E8D1F4-25C3-4594-9AF8-3E2209D65DC5}.Release|Any CPU.Build.0 = Release|Any CPU
		{A1FE5509-ED1F-4EA1-B593-AA0166CEFD61}.Debug|Any CPU.ActiveCfg = Debug|Any CPU
		{A1FE5509-ED1F-4EA1-B593-AA0166CEFD61}.Debug|Any CPU.Build.0 = Debug|Any CPU
		{A1FE5509-ED1F-4EA1-B593-AA0166CEFD61}.Release|Any CPU.ActiveCfg = Release|Any CPU
		{A1FE5509-ED1F-4EA1-B593-AA0166CEFD61}.Release|Any CPU.Build.0 = Release|Any CPU
		{A1281A6F-9600-4981-BD82-8832D7AA5C8E}.Debug|Any CPU.ActiveCfg = Debug|Any CPU
		{A1281A6F-9600-4981-BD82-8832D7AA5C8E}.Debug|Any CPU.Build.0 = Debug|Any CPU
		{A1281A6F-9600-4981-BD82-8832D7AA5C8E}.Release|Any CPU.ActiveCfg = Release|Any CPU
		{A1281A6F-9600-4981-BD82-8832D7AA5C8E}.Release|Any CPU.Build.0 = Release|Any CPU
		{AE59CA13-4E7C-4AAF-9705-1E84FD27781A}.Debug|Any CPU.ActiveCfg = Debug|Any CPU
		{AE59CA13-4E7C-4AAF-9705-1E84FD27781A}.Debug|Any CPU.Build.0 = Debug|Any CPU
		{AE59CA13-4E7C-4AAF-9705-1E84FD27781A}.Release|Any CPU.ActiveCfg = Release|Any CPU
		{AE59CA13-4E7C-4AAF-9705-1E84FD27781A}.Release|Any CPU.Build.0 = Release|Any CPU
		{3B0C0F38-0F63-4192-B47C-39B8F83651F9}.Debug|Any CPU.ActiveCfg = Debug|Any CPU
		{3B0C0F38-0F63-4192-B47C-39B8F83651F9}.Debug|Any CPU.Build.0 = Debug|Any CPU
		{3B0C0F38-0F63-4192-B47C-39B8F83651F9}.Release|Any CPU.ActiveCfg = Release|Any CPU
		{3B0C0F38-0F63-4192-B47C-39B8F83651F9}.Release|Any CPU.Build.0 = Release|Any CPU
	EndGlobalSection
	GlobalSection(SolutionProperties) = preSolution
		HideSolutionNode = FALSE
	EndGlobalSection
	GlobalSection(NestedProjects) = preSolution
		{39AF9DC3-C5EF-401B-BCC1-286B88822EB7} = {03D3CBEF-23F5-4456-ADBA-E23ADFC9B888}
		{00293999-7D63-464D-9BCD-CF953FF1536B} = {39AF9DC3-C5EF-401B-BCC1-286B88822EB7}
		{1ED908A0-7C67-4A72-99F2-D51CBD950847} = {39AF9DC3-C5EF-401B-BCC1-286B88822EB7}
		{0F5C10E0-7A9E-4F25-92E7-A050FD275285} = {39AF9DC3-C5EF-401B-BCC1-286B88822EB7}
		{554F30CA-9A4D-4668-8E83-B44B85DBCBD4} = {39AF9DC3-C5EF-401B-BCC1-286B88822EB7}
		{8545F94A-7012-4E48-AC58-C6E35B4F05DD} = {A781F3EC-E432-4115-8FAE-49A2347171B5}
		{11A8C0F4-8AFC-4B7A-89D3-4F15966DBB69} = {8545F94A-7012-4E48-AC58-C6E35B4F05DD}
		{D13BA110-7D75-4CE3-B9ED-473AC5853142} = {2EE43351-3A76-4C95-84AF-0A2A0892A6E8}
		{82E8D1F4-25C3-4594-9AF8-3E2209D65DC5} = {D13BA110-7D75-4CE3-B9ED-473AC5853142}
		{A1FE5509-ED1F-4EA1-B593-AA0166CEFD61} = {D13BA110-7D75-4CE3-B9ED-473AC5853142}
		{A1281A6F-9600-4981-BD82-8832D7AA5C8E} = {D13BA110-7D75-4CE3-B9ED-473AC5853142}
		{8C23BCAA-09AF-48BB-8F6E-DBFADA931DD5} = {A781F3EC-E432-4115-8FAE-49A2347171B5}
		{AE59CA13-4E7C-4AAF-9705-1E84FD27781A} = {8C23BCAA-09AF-48BB-8F6E-DBFADA931DD5}
		{F4691278-48DA-420E-B1D8-4D6B7F0D061B} = {03D3CBEF-23F5-4456-ADBA-E23ADFC9B888}
		{3B0C0F38-0F63-4192-B47C-39B8F83651F9} = {F4691278-48DA-420E-B1D8-4D6B7F0D061B}
	EndGlobalSection
	GlobalSection(ExtensibilityGlobals) = postSolution
		SolutionGuid = {E8E428B9-4D62-41BC-B050-144B3333376E}
	EndGlobalSection
EndGlobal
